
Microsoft Visual Studio Solution File, Format Version 12.00
# Visual Studio 15
VisualStudioVersion = 15.0.28307.902
MinimumVisualStudioVersion = 10.0.40219.1
Project("{FAE04EC0-301F-11D3-BF4B-00C04F79EFBC}") = "fibonacci", "fibonacci\fibonacci.csproj", "{D5A22DB9-ED29-46D8-80A8-C2CB131C689C}"
EndProject
Global
	GlobalSection(SolutionConfigurationPlatforms) = preSolution
		Debug|Any CPU = Debug|Any CPU
		Release|Any CPU = Release|Any CPU
	EndGlobalSection
	GlobalSection(ProjectConfigurationPlatforms) = postSolution
		{D5A22DB9-ED29-46D8-80A8-C2CB131C689C}.Debug|Any CPU.ActiveCfg = Debug|Any CPU
		{D5A22DB9-ED29-46D8-80A8-C2CB131C689C}.Debug|Any CPU.Build.0 = Debug|Any CPU
		{D5A22DB9-ED29-46D8-80A8-C2CB131C689C}.Release|Any CPU.ActiveCfg = Release|Any CPU
		{D5A22DB9-ED29-46D8-80A8-C2CB131C689C}.Release|Any CPU.Build.0 = Release|Any CPU
	EndGlobalSection
	GlobalSection(SolutionProperties) = preSolution
		HideSolutionNode = FALSE
	EndGlobalSection
	GlobalSection(ExtensibilityGlobals) = postSolution
		SolutionGuid = {4914A7F9-23D4-4254-B873-6C37C0BA7763}
	EndGlobalSection
EndGlobal
